// !$*UTF8*$!
{
	archiveVersion = 1;
	classes = {
	};
	objectVersion = 50;
	objects = {

/* Begin PBXBuildFile section */
		2B374B8A25853873001F06DA /* Slot_MachineApp.swift in Sources */ = {isa = PBXBuildFile; fileRef = 2B374B8925853873001F06DA /* Slot_MachineApp.swift */; };
		2B374B8C25853873001F06DA /* ContentView.swift in Sources */ = {isa = PBXBuildFile; fileRef = 2B374B8B25853873001F06DA /* ContentView.swift */; };
		2B374B8E25853875001F06DA /* Assets.xcassets in Resources */ = {isa = PBXBuildFile; fileRef = 2B374B8D25853875001F06DA /* Assets.xcassets */; };
		2B374B9125853875001F06DA /* Preview Assets.xcassets in Resources */ = {isa = PBXBuildFile; fileRef = 2B374B9025853875001F06DA /* Preview Assets.xcassets */; };
		2B374BA1258554B1001F06DA /* casino-chips.mp3 in Resources */ = {isa = PBXBuildFile; fileRef = 2B374B99258554B0001F06DA /* casino-chips.mp3 */; };
		2B374BA2258554B1001F06DA /* spin.mp3 in Resources */ = {isa = PBXBuildFile; fileRef = 2B374B9A258554B0001F06DA /* spin.mp3 */; };
		2B374BA3258554B1001F06DA /* chimeup.mp3 in Resources */ = {isa = PBXBuildFile; fileRef = 2B374B9B258554B0001F06DA /* chimeup.mp3 */; };
		2B374BA4258554B1001F06DA /* high-score.mp3 in Resources */ = {isa = PBXBuildFile; fileRef = 2B374B9C258554B0001F06DA /* high-score.mp3 */; };
		2B374BA5258554B1001F06DA /* background-music.mp3 in Resources */ = {isa = PBXBuildFile; fileRef = 2B374B9D258554B1001F06DA /* background-music.mp3 */; };
		2B374BA6258554B1001F06DA /* game-over.mp3 in Resources */ = {isa = PBXBuildFile; fileRef = 2B374B9E258554B1001F06DA /* game-over.mp3 */; };
		2B374BA7258554B1001F06DA /* riseup.mp3 in Resources */ = {isa = PBXBuildFile; fileRef = 2B374B9F258554B1001F06DA /* riseup.mp3 */; };
		2B374BA8258554B1001F06DA /* win.mp3 in Resources */ = {isa = PBXBuildFile; fileRef = 2B374BA0258554B1001F06DA /* win.mp3 */; };
		2B374BAF258557A3001F06DA /* LogoView.swift in Sources */ = {isa = PBXBuildFile; fileRef = 2B374BAE258557A3001F06DA /* LogoView.swift */; };
		2B374BB2258557CF001F06DA /* Modifiers.swift in Sources */ = {isa = PBXBuildFile; fileRef = 2B374BB1258557CF001F06DA /* Modifiers.swift */; };
		2B374BB525855ACB001F06DA /* Extensions.swift in Sources */ = {isa = PBXBuildFile; fileRef = 2B374BB425855ACB001F06DA /* Extensions.swift */; };
		2B374BB925855D40001F06DA /* ReelView.swift in Sources */ = {isa = PBXBuildFile; fileRef = 2B374BB825855D40001F06DA /* ReelView.swift */; };
		2B97F4A625857D4C00C01BA0 /* InfoView.swift in Sources */ = {isa = PBXBuildFile; fileRef = 2B97F4A525857D4C00C01BA0 /* InfoView.swift */; };
		2B97F4A92585A47000C01BA0 /* ModalView.swift in Sources */ = {isa = PBXBuildFile; fileRef = 2B97F4A82585A47000C01BA0 /* ModalView.swift */; };
		2B97F4AC2585B2AA00C01BA0 /* PlaySound.swift in Sources */ = {isa = PBXBuildFile; fileRef = 2B97F4AB2585B2AA00C01BA0 /* PlaySound.swift */; };
/* End PBXBuildFile section */

/* Begin PBXFileReference section */
		2B374B8625853873001F06DA /* Slot Machine.app */ = {isa = PBXFileReference; explicitFileType = wrapper.application; includeInIndex = 0; path = "Slot Machine.app"; sourceTree = BUILT_PRODUCTS_DIR; };
		2B374B8925853873001F06DA /* Slot_MachineApp.swift */ = {isa = PBXFileReference; lastKnownFileType = sourcecode.swift; path = Slot_MachineApp.swift; sourceTree = "<group>"; };
		2B374B8B25853873001F06DA /* ContentView.swift */ = {isa = PBXFileReference; lastKnownFileType = sourcecode.swift; path = ContentView.swift; sourceTree = "<group>"; };
		2B374B8D25853875001F06DA /* Assets.xcassets */ = {isa = PBXFileReference; lastKnownFileType = folder.assetcatalog; path = Assets.xcassets; sourceTree = "<group>"; };
		2B374B9025853875001F06DA /* Preview Assets.xcassets */ = {isa = PBXFileReference; lastKnownFileType = folder.assetcatalog; path = "Preview Assets.xcassets"; sourceTree = "<group>"; };
		2B374B9225853875001F06DA /* Info.plist */ = {isa = PBXFileReference; lastKnownFileType = text.plist.xml; path = Info.plist; sourceTree = "<group>"; };
		2B374B99258554B0001F06DA /* casino-chips.mp3 */ = {isa = PBXFileReference; lastKnownFileType = audio.mp3; path = "casino-chips.mp3"; sourceTree = "<group>"; };
		2B374B9A258554B0001F06DA /* spin.mp3 */ = {isa = PBXFileReference; lastKnownFileType = audio.mp3; path = spin.mp3; sourceTree = "<group>"; };
		2B374B9B258554B0001F06DA /* chimeup.mp3 */ = {isa = PBXFileReference; lastKnownFileType = audio.mp3; path = chimeup.mp3; sourceTree = "<group>"; };
		2B374B9C258554B0001F06DA /* high-score.mp3 */ = {isa = PBXFileReference; lastKnownFileType = audio.mp3; path = "high-score.mp3"; sourceTree = "<group>"; };
		2B374B9D258554B1001F06DA /* background-music.mp3 */ = {isa = PBXFileReference; lastKnownFileType = audio.mp3; path = "background-music.mp3"; sourceTree = "<group>"; };
		2B374B9E258554B1001F06DA /* game-over.mp3 */ = {isa = PBXFileReference; lastKnownFileType = audio.mp3; path = "game-over.mp3"; sourceTree = "<group>"; };
		2B374B9F258554B1001F06DA /* riseup.mp3 */ = {isa = PBXFileReference; lastKnownFileType = audio.mp3; path = riseup.mp3; sourceTree = "<group>"; };
		2B374BA0258554B1001F06DA /* win.mp3 */ = {isa = PBXFileReference; lastKnownFileType = audio.mp3; path = win.mp3; sourceTree = "<group>"; };
		2B374BAE258557A3001F06DA /* LogoView.swift */ = {isa = PBXFileReference; lastKnownFileType = sourcecode.swift; path = LogoView.swift; sourceTree = "<group>"; };
		2B374BB1258557CF001F06DA /* Modifiers.swift */ = {isa = PBXFileReference; lastKnownFileType = sourcecode.swift; path = Modifiers.swift; sourceTree = "<group>"; };
		2B374BB425855ACB001F06DA /* Extensions.swift */ = {isa = PBXFileReference; lastKnownFileType = sourcecode.swift; path = Extensions.swift; sourceTree = "<group>"; };
		2B374BB825855D40001F06DA /* ReelView.swift */ = {isa = PBXFileReference; lastKnownFileType = sourcecode.swift; path = ReelView.swift; sourceTree = "<group>"; };
		2B97F4A525857D4C00C01BA0 /* InfoView.swift */ = {isa = PBXFileReference; lastKnownFileType = sourcecode.swift; path = InfoView.swift; sourceTree = "<group>"; };
		2B97F4A82585A47000C01BA0 /* ModalView.swift */ = {isa = PBXFileReference; lastKnownFileType = sourcecode.swift; path = ModalView.swift; sourceTree = "<group>"; };
		2B97F4AB2585B2AA00C01BA0 /* PlaySound.swift */ = {isa = PBXFileReference; lastKnownFileType = sourcecode.swift; path = PlaySound.swift; sourceTree = "<group>"; };
/* End PBXFileReference section */

/* Begin PBXFrameworksBuildPhase section */
		2B374B8325853873001F06DA /* Frameworks */ = {
			isa = PBXFrameworksBuildPhase;
			buildActionMask = 2147483647;
			files = (
			);
			runOnlyForDeploymentPostprocessing = 0;
		};
/* End PBXFrameworksBuildPhase section */

/* Begin PBXGroup section */
		2B374B7D25853873001F06DA = {
			isa = PBXGroup;
			children = (
				2B374B8825853873001F06DA /* Slot Machine */,
				2B374B8725853873001F06DA /* Products */,
			);
			sourceTree = "<group>";
		};
		2B374B8725853873001F06DA /* Products */ = {
			isa = PBXGroup;
			children = (
				2B374B8625853873001F06DA /* Slot Machine.app */,
			);
			name = Products;
			sourceTree = "<group>";
		};
		2B374B8825853873001F06DA /* Slot Machine */ = {
			isa = PBXGroup;
			children = (
				2B374BAB258554D0001F06DA /* Views */,
				2B374BAC258554D5001F06DA /* Helpers */,
				2B374BAA258554B9001F06DA /* Sounds */,
				2B374B8925853873001F06DA /* Slot_MachineApp.swift */,
				2B374B8D25853875001F06DA /* Assets.xcassets */,
				2B374B9225853875001F06DA /* Info.plist */,
				2B374B8F25853875001F06DA /* Preview Content */,
			);
			path = "Slot Machine";
			sourceTree = "<group>";
		};
		2B374B8F25853875001F06DA /* Preview Content */ = {
			isa = PBXGroup;
			children = (
				2B374B9025853875001F06DA /* Preview Assets.xcassets */,
			);
			path = "Preview Content";
			sourceTree = "<group>";
		};
		2B374BAA258554B9001F06DA /* Sounds */ = {
			isa = PBXGroup;
			children = (
				2B374B9D258554B1001F06DA /* background-music.mp3 */,
				2B374B99258554B0001F06DA /* casino-chips.mp3 */,
				2B374B9B258554B0001F06DA /* chimeup.mp3 */,
				2B374B9E258554B1001F06DA /* game-over.mp3 */,
				2B374B9C258554B0001F06DA /* high-score.mp3 */,
				2B374B9F258554B1001F06DA /* riseup.mp3 */,
				2B374B9A258554B0001F06DA /* spin.mp3 */,
				2B374BA0258554B1001F06DA /* win.mp3 */,
			);
			path = Sounds;
			sourceTree = "<group>";
		};
		2B374BAB258554D0001F06DA /* Views */ = {
			isa = PBXGroup;
			children = (
				2B374B8B25853873001F06DA /* ContentView.swift */,
				2B374BAE258557A3001F06DA /* LogoView.swift */,
				2B374BB825855D40001F06DA /* ReelView.swift */,
				2B97F4A525857D4C00C01BA0 /* InfoView.swift */,
				2B97F4A82585A47000C01BA0 /* ModalView.swift */,
			);
			path = Views;
			sourceTree = "<group>";
		};
		2B374BAC258554D5001F06DA /* Helpers */ = {
			isa = PBXGroup;
			children = (
				2B374BB1258557CF001F06DA /* Modifiers.swift */,
				2B374BB425855ACB001F06DA /* Extensions.swift */,
				2B97F4AB2585B2AA00C01BA0 /* PlaySound.swift */,
			);
			path = Helpers;
			sourceTree = "<group>";
		};
/* End PBXGroup section */

/* Begin PBXNativeTarget section */
		2B374B8525853873001F06DA /* Slot Machine */ = {
			isa = PBXNativeTarget;
			buildConfigurationList = 2B374B9525853875001F06DA /* Build configuration list for PBXNativeTarget "Slot Machine" */;
			buildPhases = (
				2B374B8225853873001F06DA /* Sources */,
				2B374B8325853873001F06DA /* Frameworks */,
				2B374B8425853873001F06DA /* Resources */,
			);
			buildRules = (
			);
			dependencies = (
			);
			name = "Slot Machine";
			productName = "Slot Machine";
			productReference = 2B374B8625853873001F06DA /* Slot Machine.app */;
			productType = "com.apple.product-type.application";
		};
/* End PBXNativeTarget section */

/* Begin PBXProject section */
		2B374B7E25853873001F06DA /* Project object */ = {
			isa = PBXProject;
			attributes = {
				LastSwiftUpdateCheck = 1200;
				LastUpgradeCheck = 1200;
				TargetAttributes = {
					2B374B8525853873001F06DA = {
						CreatedOnToolsVersion = 12.0.1;
					};
				};
			};
			buildConfigurationList = 2B374B8125853873001F06DA /* Build configuration list for PBXProject "Slot Machine" */;
			compatibilityVersion = "Xcode 9.3";
			developmentRegion = en;
			hasScannedForEncodings = 0;
			knownRegions = (
				en,
				Base,
			);
			mainGroup = 2B374B7D25853873001F06DA;
			productRefGroup = 2B374B8725853873001F06DA /* Products */;
			projectDirPath = "";
			projectRoot = "";
			targets = (
				2B374B8525853873001F06DA /* Slot Machine */,
			);
		};
/* End PBXProject section */

/* Begin PBXResourcesBuildPhase section */
		2B374B8425853873001F06DA /* Resources */ = {
			isa = PBXResourcesBuildPhase;
			buildActionMask = 2147483647;
			files = (
				2B374BA7258554B1001F06DA /* riseup.mp3 in Resources */,
				2B374BA2258554B1001F06DA /* spin.mp3 in Resources */,
				2B374B9125853875001F06DA /* Preview Assets.xcassets in Resources */,
				2B374B8E25853875001F06DA /* Assets.xcassets in Resources */,
				2B374BA3258554B1001F06DA /* chimeup.mp3 in Resources */,
				2B374BA8258554B1001F06DA /* win.mp3 in Resources */,
				2B374BA1258554B1001F06DA /* casino-chips.mp3 in Resources */,
				2B374BA5258554B1001F06DA /* background-music.mp3 in Resources */,
				2B374BA6258554B1001F06DA /* game-over.mp3 in Resources */,
				2B374BA4258554B1001F06DA /* high-score.mp3 in Resources */,
			);
			runOnlyForDeploymentPostprocessing = 0;
		};
/* End PBXResourcesBuildPhase section */

/* Begin PBXSourcesBuildPhase section */
		2B374B8225853873001F06DA /* Sources */ = {
			isa = PBXSourcesBuildPhase;
			buildActionMask = 2147483647;
			files = (
				2B374BB925855D40001F06DA /* ReelView.swift in Sources */,
				2B97F4AC2585B2AA00C01BA0 /* PlaySound.swift in Sources */,
				2B374BB525855ACB001F06DA /* Extensions.swift in Sources */,
				2B97F4A92585A47000C01BA0 /* ModalView.swift in Sources */,
				2B374B8C25853873001F06DA /* ContentView.swift in Sources */,
				2B374BB2258557CF001F06DA /* Modifiers.swift in Sources */,
				2B374BAF258557A3001F06DA /* LogoView.swift in Sources */,
				2B374B8A25853873001F06DA /* Slot_MachineApp.swift in Sources */,
				2B97F4A625857D4C00C01BA0 /* InfoView.swift in Sources */,
			);
			runOnlyForDeploymentPostprocessing = 0;
		};
/* End PBXSourcesBuildPhase section */

/* Begin XCBuildConfiguration section */
		2B374B9325853875001F06DA /* Debug */ = {
			isa = XCBuildConfiguration;
			buildSettings = {
				ALWAYS_SEARCH_USER_PATHS = NO;
				CLANG_ANALYZER_NONNULL = YES;
				CLANG_ANALYZER_NUMBER_OBJECT_CONVERSION = YES_AGGRESSIVE;
				CLANG_CXX_LANGUAGE_STANDARD = "gnu++14";
				CLANG_CXX_LIBRARY = "libc++";
				CLANG_ENABLE_MODULES = YES;
				CLANG_ENABLE_OBJC_ARC = YES;
				CLANG_ENABLE_OBJC_WEAK = YES;
				CLANG_WARN_BLOCK_CAPTURE_AUTORELEASING = YES;
				CLANG_WARN_BOOL_CONVERSION = YES;
				CLANG_WARN_COMMA = YES;
				CLANG_WARN_CONSTANT_CONVERSION = YES;
				CLANG_WARN_DEPRECATED_OBJC_IMPLEMENTATIONS = YES;
				CLANG_WARN_DIRECT_OBJC_ISA_USAGE = YES_ERROR;
				CLANG_WARN_DOCUMENTATION_COMMENTS = YES;
				CLANG_WARN_EMPTY_BODY = YES;
				CLANG_WARN_ENUM_CONVERSION = YES;
				CLANG_WARN_INFINITE_RECURSION = YES;
				CLANG_WARN_INT_CONVERSION = YES;
				CLANG_WARN_NON_LITERAL_NULL_CONVERSION = YES;
				CLANG_WARN_OBJC_IMPLICIT_RETAIN_SELF = YES;
				CLANG_WARN_OBJC_LITERAL_CONVERSION = YES;
				CLANG_WARN_OBJC_ROOT_CLASS = YES_ERROR;
				CLANG_WARN_QUOTED_INCLUDE_IN_FRAMEWORK_HEADER = YES;
				CLANG_WARN_RANGE_LOOP_ANALYSIS = YES;
				CLANG_WARN_STRICT_PROTOTYPES = YES;
				CLANG_WARN_SUSPICIOUS_MOVE = YES;
				CLANG_WARN_UNGUARDED_AVAILABILITY = YES_AGGRESSIVE;
				CLANG_WARN_UNREACHABLE_CODE = YES;
				CLANG_WARN__DUPLICATE_METHOD_MATCH = YES;
				COPY_PHASE_STRIP = NO;
				DEBUG_INFORMATION_FORMAT = dwarf;
				ENABLE_STRICT_OBJC_MSGSEND = YES;
				ENABLE_TESTABILITY = YES;
				GCC_C_LANGUAGE_STANDARD = gnu11;
				GCC_DYNAMIC_NO_PIC = NO;
				GCC_NO_COMMON_BLOCKS = YES;
				GCC_OPTIMIZATION_LEVEL = 0;
				GCC_PREPROCESSOR_DEFINITIONS = (
					"DEBUG=1",
					"$(inherited)",
				);
				GCC_WARN_64_TO_32_BIT_CONVERSION = YES;
				GCC_WARN_ABOUT_RETURN_TYPE = YES_ERROR;
				GCC_WARN_UNDECLARED_SELECTOR = YES;
				GCC_WARN_UNINITIALIZED_AUTOS = YES_AGGRESSIVE;
				GCC_WARN_UNUSED_FUNCTION = YES;
				GCC_WARN_UNUSED_VARIABLE = YES;
				IPHONEOS_DEPLOYMENT_TARGET = 14.0;
				MTL_ENABLE_DEBUG_INFO = INCLUDE_SOURCE;
				MTL_FAST_MATH = YES;
				ONLY_ACTIVE_ARCH = YES;
				SDKROOT = iphoneos;
				SWIFT_ACTIVE_COMPILATION_CONDITIONS = DEBUG;
				SWIFT_OPTIMIZATION_LEVEL = "-Onone";
			};
			name = Debug;
		};
		2B374B9425853875001F06DA /* Release */ = {
			isa = XCBuildConfiguration;
			buildSettings = {
				ALWAYS_SEARCH_USER_PATHS = NO;
				CLANG_ANALYZER_NONNULL = YES;
				CLANG_ANALYZER_NUMBER_OBJECT_CONVERSION = YES_AGGRESSIVE;
				CLANG_CXX_LANGUAGE_STANDARD = "gnu++14";
				CLANG_CXX_LIBRARY = "libc++";
				CLANG_ENABLE_MODULES = YES;
				CLANG_ENABLE_OBJC_ARC = YES;
				CLANG_ENABLE_OBJC_WEAK = YES;
				CLANG_WARN_BLOCK_CAPTURE_AUTORELEASING = YES;
				CLANG_WARN_BOOL_CONVERSION = YES;
				CLANG_WARN_COMMA = YES;
				CLANG_WARN_CONSTANT_CONVERSION = YES;
				CLANG_WARN_DEPRECATED_OBJC_IMPLEMENTATIONS = YES;
				CLANG_WARN_DIRECT_OBJC_ISA_USAGE = YES_ERROR;
				CLANG_WARN_DOCUMENTATION_COMMENTS = YES;
				CLANG_WARN_EMPTY_BODY = YES;
				CLANG_WARN_ENUM_CONVERSION = YES;
				CLANG_WARN_INFINITE_RECURSION = YES;
				CLANG_WARN_INT_CONVERSION = YES;
				CLANG_WARN_NON_LITERAL_NULL_CONVERSION = YES;
				CLANG_WARN_OBJC_IMPLICIT_RETAIN_SELF = YES;
				CLANG_WARN_OBJC_LITERAL_CONVERSION = YES;
				CLANG_WARN_OBJC_ROOT_CLASS = YES_ERROR;
				CLANG_WARN_QUOTED_INCLUDE_IN_FRAMEWORK_HEADER = YES;
				CLANG_WARN_RANGE_LOOP_ANALYSIS = YES;
				CLANG_WARN_STRICT_PROTOTYPES = YES;
				CLANG_WARN_SUSPICIOUS_MOVE = YES;
				CLANG_WARN_UNGUARDED_AVAILABILITY = YES_AGGRESSIVE;
				CLANG_WARN_UNREACHABLE_CODE = YES;
				CLANG_WARN__DUPLICATE_METHOD_MATCH = YES;
				COPY_PHASE_STRIP = NO;
				DEBUG_INFORMATION_FORMAT = "dwarf-with-dsym";
				ENABLE_NS_ASSERTIONS = NO;
				ENABLE_STRICT_OBJC_MSGSEND = YES;
				GCC_C_LANGUAGE_STANDARD = gnu11;
				GCC_NO_COMMON_BLOCKS = YES;
				GCC_WARN_64_TO_32_BIT_CONVERSION = YES;
				GCC_WARN_ABOUT_RETURN_TYPE = YES_ERROR;
				GCC_WARN_UNDECLARED_SELECTOR = YES;
				GCC_WARN_UNINITIALIZED_AUTOS = YES_AGGRESSIVE;
				GCC_WARN_UNUSED_FUNCTION = YES;
				GCC_WARN_UNUSED_VARIABLE = YES;
				IPHONEOS_DEPLOYMENT_TARGET = 14.0;
				MTL_ENABLE_DEBUG_INFO = NO;
				MTL_FAST_MATH = YES;
				SDKROOT = iphoneos;
				SWIFT_COMPILATION_MODE = wholemodule;
				SWIFT_OPTIMIZATION_LEVEL = "-O";
				VALIDATE_PRODUCT = YES;
			};
			name = Release;
		};
		2B374B9625853875001F06DA /* Debug */ = {
			isa = XCBuildConfiguration;
			buildSettings = {
				ASSETCATALOG_COMPILER_APPICON_NAME = AppIcon;
				ASSETCATALOG_COMPILER_GLOBAL_ACCENT_COLOR_NAME = AccentColor;
				CODE_SIGN_STYLE = Automatic;
				DEVELOPMENT_ASSET_PATHS = "\"Slot Machine/Preview Content\"";
				DEVELOPMENT_TEAM = PW3S5ZUAAT;
				ENABLE_PREVIEWS = YES;
				INFOPLIST_FILE = "Slot Machine/Info.plist";
				IPHONEOS_DEPLOYMENT_TARGET = 14.0;
				LD_RUNPATH_SEARCH_PATHS = (
					"$(inherited)",
					"@executable_path/Frameworks",
				);
				PRODUCT_BUNDLE_IDENTIFIER = "us.aureus.Slot-Machine";
				PRODUCT_NAME = "$(TARGET_NAME)";
				SWIFT_VERSION = 5.0;
				TARGETED_DEVICE_FAMILY = "1,2";
			};
			name = Debug;
		};
		2B374B9725853875001F06DA /* Release */ = {
			isa = XCBuildConfiguration;
			buildSettings = {
				ASSETCATALOG_COMPILER_APPICON_NAME = AppIcon;
				ASSETCATALOG_COMPILER_GLOBAL_ACCENT_COLOR_NAME = AccentColor;
				CODE_SIGN_STYLE = Automatic;
				DEVELOPMENT_ASSET_PATHS = "\"Slot Machine/Preview Content\"";
				DEVELOPMENT_TEAM = PW3S5ZUAAT;
				ENABLE_PREVIEWS = YES;
				INFOPLIST_FILE = "Slot Machine/Info.plist";
				IPHONEOS_DEPLOYMENT_TARGET = 14.0;
				LD_RUNPATH_SEARCH_PATHS = (
					"$(inherited)",
					"@executable_path/Frameworks",
				);
				PRODUCT_BUNDLE_IDENTIFIER = "us.aureus.Slot-Machine";
				PRODUCT_NAME = "$(TARGET_NAME)";
				SWIFT_VERSION = 5.0;
				TARGETED_DEVICE_FAMILY = "1,2";
			};
			name = Release;
		};
/* End XCBuildConfiguration section */

/* Begin XCConfigurationList section */
		2B374B8125853873001F06DA /* Build configuration list for PBXProject "Slot Machine" */ = {
			isa = XCConfigurationList;
			buildConfigurations = (
				2B374B9325853875001F06DA /* Debug */,
				2B374B9425853875001F06DA /* Release */,
			);
			defaultConfigurationIsVisible = 0;
			defaultConfigurationName = Release;
		};
		2B374B9525853875001F06DA /* Build configuration list for PBXNativeTarget "Slot Machine" */ = {
			isa = XCConfigurationList;
			buildConfigurations = (
				2B374B9625853875001F06DA /* Debug */,
				2B374B9725853875001F06DA /* Release */,
			);
			defaultConfigurationIsVisible = 0;
			defaultConfigurationName = Release;
		};
/* End XCConfigurationList section */
	};
	rootObject = 2B374B7E25853873001F06DA /* Project object */;
}
